
Microsoft Visual Studio Solution File, Format Version 12.00
# Visual Studio Version 17
VisualStudioVersion = 17.13.35806.99 d17.13
MinimumVisualStudioVersion = 10.0.40219.1
Project("{FAE04EC0-301F-11D3-BF4B-00C04F79EFBC}") = "MetaCleaner", "MetaCleaner\MetaCleaner.csproj", "{C93AB956-F8F0-4A72-B2F3-4A5F122E045F}"
EndProject
Global
	GlobalSection(SolutionConfigurationPlatforms) = preSolution
		Debug|Any CPU = Debug|Any CPU
		Release|Any CPU = Release|Any CPU
	EndGlobalSection
	GlobalSection(ProjectConfigurationPlatforms) = postSolution
		{C93AB956-F8F0-4A72-B2F3-4A5F122E045F}.Debug|Any CPU.ActiveCfg = Debug|Any CPU
		{C93AB956-F8F0-4A72-B2F3-4A5F122E045F}.Debug|Any CPU.Build.0 = Debug|Any CPU
		{C93AB956-F8F0-4A72-B2F3-4A5F122E045F}.Release|Any CPU.ActiveCfg = Release|Any CPU
		{C93AB956-F8F0-4A72-B2F3-4A5F122E045F}.Release|Any CPU.Build.0 = Release|Any CPU
	EndGlobalSection
	GlobalSection(SolutionProperties) = preSolution
		HideSolutionNode = FALSE
	EndGlobalSection
	GlobalSection(ExtensibilityGlobals) = postSolution
		SolutionGuid = {42BE1D1C-F348-4792-93AC-475733BB9938}
	EndGlobalSection
EndGlobal
